
Microsoft Visual Studio Solution File, Format Version 12.00
# Visual Studio Version 16
VisualStudioVersion = 16.0.31205.134
MinimumVisualStudioVersion = 10.0.40219.1
Project("{9A19103F-16F7-4668-BE54-9A1E7A4F7556}") = "TermPaper_OOP_2021_Tereshchenko_Bohdan", "TermPaper_OOP_2021_Tereshchenko_Bohdan.csproj", "{40548180-5875-4876-B7E4-DD6DAAFCBD68}"
EndProject
Project("{FAE04EC0-301F-11D3-BF4B-00C04F79EFBC}") = "MyDynamicLibrary", "..\MyDynamicLibrary\MyDynamicLibrary.csproj", "{CC378F72-01EA-4D4D-AA94-14DD750E0D2A}"
EndProject
Global
	GlobalSection(SolutionConfigurationPlatforms) = preSolution
		Debug|Any CPU = Debug|Any CPU
		Release|Any CPU = Release|Any CPU
	EndGlobalSection
	GlobalSection(ProjectConfigurationPlatforms) = postSolution
		{40548180-5875-4876-B7E4-DD6DAAFCBD68}.Debug|Any CPU.ActiveCfg = Debug|Any CPU
		{40548180-5875-4876-B7E4-DD6DAAFCBD68}.Debug|Any CPU.Build.0 = Debug|Any CPU
		{40548180-5875-4876-B7E4-DD6DAAFCBD68}.Release|Any CPU.ActiveCfg = Release|Any CPU
		{40548180-5875-4876-B7E4-DD6DAAFCBD68}.Release|Any CPU.Build.0 = Release|Any CPU
		{CC378F72-01EA-4D4D-AA94-14DD750E0D2A}.Debug|Any CPU.ActiveCfg = Debug|Any CPU
		{CC378F72-01EA-4D4D-AA94-14DD750E0D2A}.Debug|Any CPU.Build.0 = Debug|Any CPU
		{CC378F72-01EA-4D4D-AA94-14DD750E0D2A}.Release|Any CPU.ActiveCfg = Release|Any CPU
		{CC378F72-01EA-4D4D-AA94-14DD750E0D2A}.Release|Any CPU.Build.0 = Release|Any CPU
	EndGlobalSection
	GlobalSection(SolutionProperties) = preSolution
		HideSolutionNode = FALSE
	EndGlobalSection
	GlobalSection(ExtensibilityGlobals) = postSolution
		SolutionGuid = {6A5D544C-6D55-45CB-9D6D-2D8ED8C460E2}
	EndGlobalSection
EndGlobal
